
Microsoft Visual Studio Solution File, Format Version 12.00
# Visual Studio 15
VisualStudioVersion = 15.0.26730.3
MinimumVisualStudioVersion = 10.0.40219.1
Project("{9A19103F-16F7-4668-BE54-9A1E7A4F7556}") = "ArrayManipulation.Api", "ArrayManipulation.Api\ArrayManipulation.Api.csproj", "{42542D9A-64F4-4E67-A877-33DC97404638}"
EndProject
Global
	GlobalSection(SolutionConfigurationPlatforms) = preSolution
		Debug|Any CPU = Debug|Any CPU
		Release|Any CPU = Release|Any CPU
	EndGlobalSection
	GlobalSection(ProjectConfigurationPlatforms) = postSolution
		{42542D9A-64F4-4E67-A877-33DC97404638}.Debug|Any CPU.ActiveCfg = Debug|Any CPU
		{42542D9A-64F4-4E67-A877-33DC97404638}.Debug|Any CPU.Build.0 = Debug|Any CPU
		{42542D9A-64F4-4E67-A877-33DC97404638}.Release|Any CPU.ActiveCfg = Release|Any CPU
		{42542D9A-64F4-4E67-A877-33DC97404638}.Release|Any CPU.Build.0 = Release|Any CPU
	EndGlobalSection
	GlobalSection(SolutionProperties) = preSolution
		HideSolutionNode = FALSE
	EndGlobalSection
	GlobalSection(ExtensibilityGlobals) = postSolution
		SolutionGuid = {379FD603-1A35-4E23-8E92-542F89C6B62E}
	EndGlobalSection
EndGlobal
